
Microsoft Visual Studio Solution File, Format Version 12.00
# Visual Studio 15
VisualStudioVersion = 15.0.28307.1705
MinimumVisualStudioVersion = 10.0.40219.1
Project("{FAE04EC0-301F-11D3-BF4B-00C04F79EFBC}") = "OOP_Concepts_Implementation", "OOP_Concepts_Implementation\OOP_Concepts_Implementation.csproj", "{99AE9D90-D06E-492A-AE41-69FD6204462E}"
EndProject
Global
	GlobalSection(SolutionConfigurationPlatforms) = preSolution
		Debug|Any CPU = Debug|Any CPU
		Release|Any CPU = Release|Any CPU
	EndGlobalSection
	GlobalSection(ProjectConfigurationPlatforms) = postSolution
		{99AE9D90-D06E-492A-AE41-69FD6204462E}.Debug|Any CPU.ActiveCfg = Debug|Any CPU
		{99AE9D90-D06E-492A-AE41-69FD6204462E}.Debug|Any CPU.Build.0 = Debug|Any CPU
		{99AE9D90-D06E-492A-AE41-69FD6204462E}.Release|Any CPU.ActiveCfg = Release|Any CPU
		{99AE9D90-D06E-492A-AE41-69FD6204462E}.Release|Any CPU.Build.0 = Release|Any CPU
	EndGlobalSection
	GlobalSection(SolutionProperties) = preSolution
		HideSolutionNode = FALSE
	EndGlobalSection
	GlobalSection(ExtensibilityGlobals) = postSolution
		SolutionGuid = {3AE56D69-A9BD-468C-8E95-5B90C544D0C0}
	EndGlobalSection
EndGlobal
