
Microsoft Visual Studio Solution File, Format Version 12.00
# Visual Studio 15
VisualStudioVersion = 15.0.28307.1705
MinimumVisualStudioVersion = 10.0.40219.1
Project("{FAE04EC0-301F-11D3-BF4B-00C04F79EFBC}") = "Two_Classes_One_Interface", "Two_Classes_One_Interface\Two_Classes_One_Interface.csproj", "{E928E9E1-0A9B-4573-94D9-DF7366536FE0}"
EndProject
Global
	GlobalSection(SolutionConfigurationPlatforms) = preSolution
		Debug|Any CPU = Debug|Any CPU
		Release|Any CPU = Release|Any CPU
	EndGlobalSection
	GlobalSection(ProjectConfigurationPlatforms) = postSolution
		{E928E9E1-0A9B-4573-94D9-DF7366536FE0}.Debug|Any CPU.ActiveCfg = Debug|Any CPU
		{E928E9E1-0A9B-4573-94D9-DF7366536FE0}.Debug|Any CPU.Build.0 = Debug|Any CPU
		{E928E9E1-0A9B-4573-94D9-DF7366536FE0}.Release|Any CPU.ActiveCfg = Release|Any CPU
		{E928E9E1-0A9B-4573-94D9-DF7366536FE0}.Release|Any CPU.Build.0 = Release|Any CPU
	EndGlobalSection
	GlobalSection(SolutionProperties) = preSolution
		HideSolutionNode = FALSE
	EndGlobalSection
	GlobalSection(ExtensibilityGlobals) = postSolution
		SolutionGuid = {56DB4349-867D-431C-A986-7EC62860A8D6}
	EndGlobalSection
EndGlobal
