
Microsoft Visual Studio Solution File, Format Version 12.00
# Visual Studio 15
VisualStudioVersion = 15.0.28307.1705
MinimumVisualStudioVersion = 10.0.40219.1
Project("{FAE04EC0-301F-11D3-BF4B-00C04F79EFBC}") = "UseOfProtectedProperties", "UseOfProtectedProperties\UseOfProtectedProperties.csproj", "{15A96767-227D-4314-A8A1-87C88C638B73}"
EndProject
Global
	GlobalSection(SolutionConfigurationPlatforms) = preSolution
		Debug|Any CPU = Debug|Any CPU
		Release|Any CPU = Release|Any CPU
	EndGlobalSection
	GlobalSection(ProjectConfigurationPlatforms) = postSolution
		{15A96767-227D-4314-A8A1-87C88C638B73}.Debug|Any CPU.ActiveCfg = Debug|Any CPU
		{15A96767-227D-4314-A8A1-87C88C638B73}.Debug|Any CPU.Build.0 = Debug|Any CPU
		{15A96767-227D-4314-A8A1-87C88C638B73}.Release|Any CPU.ActiveCfg = Release|Any CPU
		{15A96767-227D-4314-A8A1-87C88C638B73}.Release|Any CPU.Build.0 = Release|Any CPU
	EndGlobalSection
	GlobalSection(SolutionProperties) = preSolution
		HideSolutionNode = FALSE
	EndGlobalSection
	GlobalSection(ExtensibilityGlobals) = postSolution
		SolutionGuid = {31797C0B-C0A6-4BA8-AB7A-6C6F00A50A0E}
	EndGlobalSection
EndGlobal
