
Microsoft Visual Studio Solution File, Format Version 12.00
# Visual Studio 15
VisualStudioVersion = 15.0.28307.1705
MinimumVisualStudioVersion = 10.0.40219.1
Project("{FAE04EC0-301F-11D3-BF4B-00C04F79EFBC}") = "Value_Passing_Reference_Passing", "Value_Passing_Reference_Passing\Value_Passing_Reference_Passing.csproj", "{5C3AF3E2-5CDA-4B0A-916F-4F3A0B080863}"
EndProject
Global
	GlobalSection(SolutionConfigurationPlatforms) = preSolution
		Debug|Any CPU = Debug|Any CPU
		Release|Any CPU = Release|Any CPU
	EndGlobalSection
	GlobalSection(ProjectConfigurationPlatforms) = postSolution
		{5C3AF3E2-5CDA-4B0A-916F-4F3A0B080863}.Debug|Any CPU.ActiveCfg = Debug|Any CPU
		{5C3AF3E2-5CDA-4B0A-916F-4F3A0B080863}.Debug|Any CPU.Build.0 = Debug|Any CPU
		{5C3AF3E2-5CDA-4B0A-916F-4F3A0B080863}.Release|Any CPU.ActiveCfg = Release|Any CPU
		{5C3AF3E2-5CDA-4B0A-916F-4F3A0B080863}.Release|Any CPU.Build.0 = Release|Any CPU
	EndGlobalSection
	GlobalSection(SolutionProperties) = preSolution
		HideSolutionNode = FALSE
	EndGlobalSection
	GlobalSection(ExtensibilityGlobals) = postSolution
		SolutionGuid = {994DEC3E-674E-4B5D-B2CD-7192752E57FA}
	EndGlobalSection
EndGlobal
